// !$*UTF8*$!
{
	archiveVersion = 1;
	classes = {
	};
	objectVersion = 50;
	objects = {

/* Begin PBXBuildFile section */
		E15672CD2522B15C009B5FFA /* SnowApp.swift in Sources */ = {isa = PBXBuildFile; fileRef = E15672CC2522B15C009B5FFA /* SnowApp.swift */; };
		E15672CF2522B15C009B5FFA /* ContentView.swift in Sources */ = {isa = PBXBuildFile; fileRef = E15672CE2522B15C009B5FFA /* ContentView.swift */; };
		E15672D12522B15E009B5FFA /* Assets.xcassets in Resources */ = {isa = PBXBuildFile; fileRef = E15672D02522B15E009B5FFA /* Assets.xcassets */; };
		E15672D42522B15E009B5FFA /* Preview Assets.xcassets in Resources */ = {isa = PBXBuildFile; fileRef = E15672D32522B15E009B5FFA /* Preview Assets.xcassets */; };
		E15672DD2522B543009B5FFA /* SnowParticles.sks in Resources */ = {isa = PBXBuildFile; fileRef = E15672DC2522B543009B5FFA /* SnowParticles.sks */; };
/* End PBXBuildFile section */

/* Begin PBXFileReference section */
		E15672C92522B15C009B5FFA /* Snow.app */ = {isa = PBXFileReference; explicitFileType = wrapper.application; includeInIndex = 0; path = Snow.app; sourceTree = BUILT_PRODUCTS_DIR; };
		E15672CC2522B15C009B5FFA /* SnowApp.swift */ = {isa = PBXFileReference; lastKnownFileType = sourcecode.swift; path = SnowApp.swift; sourceTree = "<group>"; };
		E15672CE2522B15C009B5FFA /* ContentView.swift */ = {isa = PBXFileReference; lastKnownFileType = sourcecode.swift; path = ContentView.swift; sourceTree = "<group>"; };
		E15672D02522B15E009B5FFA /* Assets.xcassets */ = {isa = PBXFileReference; lastKnownFileType = folder.assetcatalog; path = Assets.xcassets; sourceTree = "<group>"; };
		E15672D32522B15E009B5FFA /* Preview Assets.xcassets */ = {isa = PBXFileReference; lastKnownFileType = folder.assetcatalog; path = "Preview Assets.xcassets"; sourceTree = "<group>"; };
		E15672D52522B15E009B5FFA /* Info.plist */ = {isa = PBXFileReference; lastKnownFileType = text.plist.xml; path = Info.plist; sourceTree = "<group>"; };
		E15672DC2522B543009B5FFA /* SnowParticles.sks */ = {isa = PBXFileReference; lastKnownFileType = file.sks; path = SnowParticles.sks; sourceTree = "<group>"; };
/* End PBXFileReference section */

/* Begin PBXFrameworksBuildPhase section */
		E15672C62522B15C009B5FFA /* Frameworks */ = {
			isa = PBXFrameworksBuildPhase;
			buildActionMask = 2147483647;
			files = (
			);
			runOnlyForDeploymentPostprocessing = 0;
		};
/* End PBXFrameworksBuildPhase section */

/* Begin PBXGroup section */
		E15672C02522B15C009B5FFA = {
			isa = PBXGroup;
			children = (
				E15672CB2522B15C009B5FFA /* Snow */,
				E15672CA2522B15C009B5FFA /* Products */,
			);
			sourceTree = "<group>";
		};
		E15672CA2522B15C009B5FFA /* Products */ = {
			isa = PBXGroup;
			children = (
				E15672C92522B15C009B5FFA /* Snow.app */,
			);
			name = Products;
			sourceTree = "<group>";
		};
		E15672CB2522B15C009B5FFA /* Snow */ = {
			isa = PBXGroup;
			children = (
				E15672DC2522B543009B5FFA /* SnowParticles.sks */,
				E15672CC2522B15C009B5FFA /* SnowApp.swift */,
				E15672CE2522B15C009B5FFA /* ContentView.swift */,
				E15672D02522B15E009B5FFA /* Assets.xcassets */,
				E15672D52522B15E009B5FFA /* Info.plist */,
				E15672D22522B15E009B5FFA /* Preview Content */,
			);
			path = Snow;
			sourceTree = "<group>";
		};
		E15672D22522B15E009B5FFA /* Preview Content */ = {
			isa = PBXGroup;
			children = (
				E15672D32522B15E009B5FFA /* Preview Assets.xcassets */,
			);
			path = "Preview Content";
			sourceTree = "<group>";
		};
/* End PBXGroup section */

/* Begin PBXNativeTarget section */
		E15672C82522B15C009B5FFA /* Snow */ = {
			isa = PBXNativeTarget;
			buildConfigurationList = E15672D82522B15E009B5FFA /* Build configuration list for PBXNativeTarget "Snow" */;
			buildPhases = (
				E15672C52522B15C009B5FFA /* Sources */,
				E15672C62522B15C009B5FFA /* Frameworks */,
				E15672C72522B15C009B5FFA /* Resources */,
			);
			buildRules = (
			);
			dependencies = (
			);
			name = Snow;
			productName = Snow;
			productReference = E15672C92522B15C009B5FFA /* Snow.app */;
			productType = "com.apple.product-type.application";
		};
/* End PBXNativeTarget section */

/* Begin PBXProject section */
		E15672C12522B15C009B5FFA /* Project object */ = {
			isa = PBXProject;
			attributes = {
				LastSwiftUpdateCheck = 1220;
				LastUpgradeCheck = 1220;
				TargetAttributes = {
					E15672C82522B15C009B5FFA = {
						CreatedOnToolsVersion = 12.2;
					};
				};
			};
			buildConfigurationList = E15672C42522B15C009B5FFA /* Build configuration list for PBXProject "Snow" */;
			compatibilityVersion = "Xcode 9.3";
			developmentRegion = en;
			hasScannedForEncodings = 0;
			knownRegions = (
				en,
				Base,
			);
			mainGroup = E15672C02522B15C009B5FFA;
			productRefGroup = E15672CA2522B15C009B5FFA /* Products */;
			projectDirPath = "";
			projectRoot = "";
			targets = (
				E15672C82522B15C009B5FFA /* Snow */,
			);
		};
/* End PBXProject section */

/* Begin PBXResourcesBuildPhase section */
		E15672C72522B15C009B5FFA /* Resources */ = {
			isa = PBXResourcesBuildPhase;
			buildActionMask = 2147483647;
			files = (
				E15672D42522B15E009B5FFA /* Preview Assets.xcassets in Resources */,
				E15672D12522B15E009B5FFA /* Assets.xcassets in Resources */,
				E15672DD2522B543009B5FFA /* SnowParticles.sks in Resources */,
			);
			runOnlyForDeploymentPostprocessing = 0;
		};
/* End PBXResourcesBuildPhase section */

/* Begin PBXSourcesBuildPhase section */
		E15672C52522B15C009B5FFA /* Sources */ = {
			isa = PBXSourcesBuildPhase;
			buildActionMask = 2147483647;
			files = (
				E15672CF2522B15C009B5FFA /* ContentView.swift in Sources */,
				E15672CD2522B15C009B5FFA /* SnowApp.swift in Sources */,
			);
			runOnlyForDeploymentPostprocessing = 0;
		};
/* End PBXSourcesBuildPhase section */

/* Begin XCBuildConfiguration section */
		E15672D62522B15E009B5FFA /* Debug */ = {
			isa = XCBuildConfiguration;
			buildSettings = {
				ALWAYS_SEARCH_USER_PATHS = NO;
				CLANG_ANALYZER_NONNULL = YES;
				CLANG_ANALYZER_NUMBER_OBJECT_CONVERSION = YES_AGGRESSIVE;
				CLANG_CXX_LANGUAGE_STANDARD = "gnu++14";
				CLANG_CXX_LIBRARY = "libc++";
				CLANG_ENABLE_MODULES = YES;
				CLANG_ENABLE_OBJC_ARC = YES;
				CLANG_ENABLE_OBJC_WEAK = YES;
				CLANG_WARN_BLOCK_CAPTURE_AUTORELEASING = YES;
				CLANG_WARN_BOOL_CONVERSION = YES;
				CLANG_WARN_COMMA = YES;
				CLANG_WARN_CONSTANT_CONVERSION = YES;
				CLANG_WARN_DEPRECATED_OBJC_IMPLEMENTATIONS = YES;
				CLANG_WARN_DIRECT_OBJC_ISA_USAGE = YES_ERROR;
				CLANG_WARN_DOCUMENTATION_COMMENTS = YES;
				CLANG_WARN_EMPTY_BODY = YES;
				CLANG_WARN_ENUM_CONVERSION = YES;
				CLANG_WARN_INFINITE_RECURSION = YES;
				CLANG_WARN_INT_CONVERSION = YES;
				CLANG_WARN_NON_LITERAL_NULL_CONVERSION = YES;
				CLANG_WARN_OBJC_IMPLICIT_RETAIN_SELF = YES;
				CLANG_WARN_OBJC_LITERAL_CONVERSION = YES;
				CLANG_WARN_OBJC_ROOT_CLASS = YES_ERROR;
				CLANG_WARN_QUOTED_INCLUDE_IN_FRAMEWORK_HEADER = YES;
				CLANG_WARN_RANGE_LOOP_ANALYSIS = YES;
				CLANG_WARN_STRICT_PROTOTYPES = YES;
				CLANG_WARN_SUSPICIOUS_MOVE = YES;
				CLANG_WARN_UNGUARDED_AVAILABILITY = YES_AGGRESSIVE;
				CLANG_WARN_UNREACHABLE_CODE = YES;
				CLANG_WARN__DUPLICATE_METHOD_MATCH = YES;
				COPY_PHASE_STRIP = NO;
				DEBUG_INFORMATION_FORMAT = dwarf;
				ENABLE_STRICT_OBJC_MSGSEND = YES;
				ENABLE_TESTABILITY = YES;
				GCC_C_LANGUAGE_STANDARD = gnu11;
				GCC_DYNAMIC_NO_PIC = NO;
				GCC_NO_COMMON_BLOCKS = YES;
				GCC_OPTIMIZATION_LEVEL = 0;
				GCC_PREPROCESSOR_DEFINITIONS = (
					"DEBUG=1",
					"$(inherited)",
				);
				GCC_WARN_64_TO_32_BIT_CONVERSION = YES;
				GCC_WARN_ABOUT_RETURN_TYPE = YES_ERROR;
				GCC_WARN_UNDECLARED_SELECTOR = YES;
				GCC_WARN_UNINITIALIZED_AUTOS = YES_AGGRESSIVE;
				GCC_WARN_UNUSED_FUNCTION = YES;
				GCC_WARN_UNUSED_VARIABLE = YES;
				IPHONEOS_DEPLOYMENT_TARGET = 14.2;
				MTL_ENABLE_DEBUG_INFO = INCLUDE_SOURCE;
				MTL_FAST_MATH = YES;
				ONLY_ACTIVE_ARCH = YES;
				SDKROOT = iphoneos;
				SWIFT_ACTIVE_COMPILATION_CONDITIONS = DEBUG;
				SWIFT_OPTIMIZATION_LEVEL = "-Onone";
			};
			name = Debug;
		};
		E15672D72522B15E009B5FFA /* Release */ = {
			isa = XCBuildConfiguration;
			buildSettings = {
				ALWAYS_SEARCH_USER_PATHS = NO;
				CLANG_ANALYZER_NONNULL = YES;
				CLANG_ANALYZER_NUMBER_OBJECT_CONVERSION = YES_AGGRESSIVE;
				CLANG_CXX_LANGUAGE_STANDARD = "gnu++14";
				CLANG_CXX_LIBRARY = "libc++";
				CLANG_ENABLE_MODULES = YES;
				CLANG_ENABLE_OBJC_ARC = YES;
				CLANG_ENABLE_OBJC_WEAK = YES;
				CLANG_WARN_BLOCK_CAPTURE_AUTORELEASING = YES;
				CLANG_WARN_BOOL_CONVERSION = YES;
				CLANG_WARN_COMMA = YES;
				CLANG_WARN_CONSTANT_CONVERSION = YES;
				CLANG_WARN_DEPRECATED_OBJC_IMPLEMENTATIONS = YES;
				CLANG_WARN_DIRECT_OBJC_ISA_USAGE = YES_ERROR;
				CLANG_WARN_DOCUMENTATION_COMMENTS = YES;
				CLANG_WARN_EMPTY_BODY = YES;
				CLANG_WARN_ENUM_CONVERSION = YES;
				CLANG_WARN_INFINITE_RECURSION = YES;
				CLANG_WARN_INT_CONVERSION = YES;
				CLANG_WARN_NON_LITERAL_NULL_CONVERSION = YES;
				CLANG_WARN_OBJC_IMPLICIT_RETAIN_SELF = YES;
				CLANG_WARN_OBJC_LITERAL_CONVERSION = YES;
				CLANG_WARN_OBJC_ROOT_CLASS = YES_ERROR;
				CLANG_WARN_QUOTED_INCLUDE_IN_FRAMEWORK_HEADER = YES;
				CLANG_WARN_RANGE_LOOP_ANALYSIS = YES;
				CLANG_WARN_STRICT_PROTOTYPES = YES;
				CLANG_WARN_SUSPICIOUS_MOVE = YES;
				CLANG_WARN_UNGUARDED_AVAILABILITY = YES_AGGRESSIVE;
				CLANG_WARN_UNREACHABLE_CODE = YES;
				CLANG_WARN__DUPLICATE_METHOD_MATCH = YES;
				COPY_PHASE_STRIP = NO;
				DEBUG_INFORMATION_FORMAT = "dwarf-with-dsym";
				ENABLE_NS_ASSERTIONS = NO;
				ENABLE_STRICT_OBJC_MSGSEND = YES;
				GCC_C_LANGUAGE_STANDARD = gnu11;
				GCC_NO_COMMON_BLOCKS = YES;
				GCC_WARN_64_TO_32_BIT_CONVERSION = YES;
				GCC_WARN_ABOUT_RETURN_TYPE = YES_ERROR;
				GCC_WARN_UNDECLARED_SELECTOR = YES;
				GCC_WARN_UNINITIALIZED_AUTOS = YES_AGGRESSIVE;
				GCC_WARN_UNUSED_FUNCTION = YES;
				GCC_WARN_UNUSED_VARIABLE = YES;
				IPHONEOS_DEPLOYMENT_TARGET = 14.2;
				MTL_ENABLE_DEBUG_INFO = NO;
				MTL_FAST_MATH = YES;
				SDKROOT = iphoneos;
				SWIFT_COMPILATION_MODE = wholemodule;
				SWIFT_OPTIMIZATION_LEVEL = "-O";
				VALIDATE_PRODUCT = YES;
			};
			name = Release;
		};
		E15672D92522B15E009B5FFA /* Debug */ = {
			isa = XCBuildConfiguration;
			buildSettings = {
				ASSETCATALOG_COMPILER_APPICON_NAME = AppIcon;
				ASSETCATALOG_COMPILER_GLOBAL_ACCENT_COLOR_NAME = AccentColor;
				CODE_SIGN_STYLE = Automatic;
				DEVELOPMENT_ASSET_PATHS = "\"Snow/Preview Content\"";
				DEVELOPMENT_TEAM = P6DBU8DWFF;
				ENABLE_PREVIEWS = YES;
				INFOPLIST_FILE = Snow/Info.plist;
				IPHONEOS_DEPLOYMENT_TARGET = 14.0;
				LD_RUNPATH_SEARCH_PATHS = (
					"$(inherited)",
					"@executable_path/Frameworks",
				);
				PRODUCT_BUNDLE_IDENTIFIER = com.makeapppie.Snow;
				PRODUCT_NAME = "$(TARGET_NAME)";
				SWIFT_VERSION = 5.0;
				TARGETED_DEVICE_FAMILY = "1,2";
			};
			name = Debug;
		};
		E15672DA2522B15E009B5FFA /* Release */ = {
			isa = XCBuildConfiguration;
			buildSettings = {
				ASSETCATALOG_COMPILER_APPICON_NAME = AppIcon;
				ASSETCATALOG_COMPILER_GLOBAL_ACCENT_COLOR_NAME = AccentColor;
				CODE_SIGN_STYLE = Automatic;
				DEVELOPMENT_ASSET_PATHS = "\"Snow/Preview Content\"";
				DEVELOPMENT_TEAM = P6DBU8DWFF;
				ENABLE_PREVIEWS = YES;
				INFOPLIST_FILE = Snow/Info.plist;
				IPHONEOS_DEPLOYMENT_TARGET = 14.0;
				LD_RUNPATH_SEARCH_PATHS = (
					"$(inherited)",
					"@executable_path/Frameworks",
				);
				PRODUCT_BUNDLE_IDENTIFIER = com.makeapppie.Snow;
				PRODUCT_NAME = "$(TARGET_NAME)";
				SWIFT_VERSION = 5.0;
				TARGETED_DEVICE_FAMILY = "1,2";
			};
			name = Release;
		};
/* End XCBuildConfiguration section */

/* Begin XCConfigurationList section */
		E15672C42522B15C009B5FFA /* Build configuration list for PBXProject "Snow" */ = {
			isa = XCConfigurationList;
			buildConfigurations = (
				E15672D62522B15E009B5FFA /* Debug */,
				E15672D72522B15E009B5FFA /* Release */,
			);
			defaultConfigurationIsVisible = 0;
			defaultConfigurationName = Release;
		};
		E15672D82522B15E009B5FFA /* Build configuration list for PBXNativeTarget "Snow" */ = {
			isa = XCConfigurationList;
			buildConfigurations = (
				E15672D92522B15E009B5FFA /* Debug */,
				E15672DA2522B15E009B5FFA /* Release */,
			);
			defaultConfigurationIsVisible = 0;
			defaultConfigurationName = Release;
		};
/* End XCConfigurationList section */
	};
	rootObject = E15672C12522B15C009B5FFA /* Project object */;
}
